{
  "name": "frontresponder",
  "version": "1.0.1",
  "lockfileVersion": 3,
  "requires": true,
  "packages": {
    "": {
      "name": "frontresponder",
      "version": "1.0.1",
      "license": "Apache-2.0",
      "dependencies": {
        "stratox": "^2.0.2",
        "stratoxcomponents": "^1.0.0",
        "stratoxdom": "^1.0.0"
      }
    },
    "node_modules/stratox": {
      "version": "2.0.2",
      "resolved": "https://registry.npmjs.org/stratox/-/stratox-2.0.2.tgz",
      "integrity": "sha512-Wb95LG1efV+S32TGxElBAY3NAqvldWQ1sklQtWbnh3IUOvWlRP4ql4HP8uU3kTPC05lLFK0kJOeBDlD5rTv6tA=="
    },
    "node_modules/stratoxcomponents": {
      "version": "1.1.0",
      "resolved": "https://registry.npmjs.org/stratoxcomponents/-/stratoxcomponents-1.1.0.tgz",
      "integrity": "sha512-lgW6BEzTPtb1g6kizap+Jo823ihHinh/okBCP+C7jTYpcnvt/ddSAvcoYDTPBE1PtzWpmvQ3fIIuVedr/fp3/Q==",
      "dependencies": {
        "stratox": "^2.0.0",
        "stratoxdom": "^1.0.0"
      }
    },
    "node_modules/stratoxdom": {
      "version": "1.0.0",
      "resolved": "https://registry.npmjs.org/stratoxdom/-/stratoxdom-1.0.0.tgz",
      "integrity": "sha512-CiXFXHlJ1kFQHAkF8HnecorbJCfKn3IFO1Dsy9OkM6+ff/Hj4xVabIyIgWcm5uhoknJi/Xz593BXBF90LEwBJg=="
    }
  }
}
